
Microsoft Visual Studio Solution File, Format Version 12.00
# Visual Studio 15
VisualStudioVersion = 15.0.28010.2050
MinimumVisualStudioVersion = 10.0.40219.1
Project("{FAE04EC0-301F-11D3-BF4B-00C04F79EFBC}") = "Canon", "Canon\Canon.csproj", "{B9AF2B7E-CEEC-4AA4-8D3D-3B1812FD7DF5}"
EndProject
Global
	GlobalSection(SolutionConfigurationPlatforms) = preSolution
		Debug|Any CPU = Debug|Any CPU
		Release|Any CPU = Release|Any CPU
	EndGlobalSection
	GlobalSection(ProjectConfigurationPlatforms) = postSolution
		{B9AF2B7E-CEEC-4AA4-8D3D-3B1812FD7DF5}.Debug|Any CPU.ActiveCfg = Debug|Any CPU
		{B9AF2B7E-CEEC-4AA4-8D3D-3B1812FD7DF5}.Debug|Any CPU.Build.0 = Debug|Any CPU
		{B9AF2B7E-CEEC-4AA4-8D3D-3B1812FD7DF5}.Release|Any CPU.ActiveCfg = Release|Any CPU
		{B9AF2B7E-CEEC-4AA4-8D3D-3B1812FD7DF5}.Release|Any CPU.Build.0 = Release|Any CPU
	EndGlobalSection
	GlobalSection(SolutionProperties) = preSolution
		HideSolutionNode = FALSE
	EndGlobalSection
	GlobalSection(ExtensibilityGlobals) = postSolution
		SolutionGuid = {06BD6B08-D888-4E2E-9CCE-59110030CB90}
	EndGlobalSection
EndGlobal
